
Microsoft Visual Studio Solution File, Format Version 12.00
# Visual Studio Version 17
VisualStudioVersion = 17.14.36327.8
MinimumVisualStudioVersion = 10.0.40219.1
Project("{FAE04EC0-301F-11D3-BF4B-00C04F79EFBC}") = "TimeSheet_API", "TimeSheet_API.csproj", "{45B5B253-BDEF-4BE1-8F4F-57DC276E4E49}"
EndProject
Project("{FAE04EC0-301F-11D3-BF4B-00C04F79EFBC}") = "BusinessLayer", "..\BusinessLayer\BusinessLayer.csproj", "{D9B05566-BACE-450F-97BD-1FB6F863A727}"
EndProject
Project("{FAE04EC0-301F-11D3-BF4B-00C04F79EFBC}") = "DataAccessLayer", "..\DataAccessLayer\DataAccessLayer.csproj", "{901B6416-C9BC-4473-83A0-5C43FBAF4FCE}"
EndProject
Project("{FAE04EC0-301F-11D3-BF4B-00C04F79EFBC}") = "Utility", "..\Utility\Utility.csproj", "{E1D08051-F70D-428B-B768-963CD93F9077}"
EndProject
Global
	GlobalSection(SolutionConfigurationPlatforms) = preSolution
		Debug|Any CPU = Debug|Any CPU
		Release|Any CPU = Release|Any CPU
	EndGlobalSection
	GlobalSection(ProjectConfigurationPlatforms) = postSolution
		{45B5B253-BDEF-4BE1-8F4F-57DC276E4E49}.Debug|Any CPU.ActiveCfg = Debug|Any CPU
		{45B5B253-BDEF-4BE1-8F4F-57DC276E4E49}.Debug|Any CPU.Build.0 = Debug|Any CPU
		{45B5B253-BDEF-4BE1-8F4F-57DC276E4E49}.Release|Any CPU.ActiveCfg = Release|Any CPU
		{45B5B253-BDEF-4BE1-8F4F-57DC276E4E49}.Release|Any CPU.Build.0 = Release|Any CPU
		{D9B05566-BACE-450F-97BD-1FB6F863A727}.Debug|Any CPU.ActiveCfg = Debug|Any CPU
		{D9B05566-BACE-450F-97BD-1FB6F863A727}.Debug|Any CPU.Build.0 = Debug|Any CPU
		{D9B05566-BACE-450F-97BD-1FB6F863A727}.Release|Any CPU.ActiveCfg = Release|Any CPU
		{D9B05566-BACE-450F-97BD-1FB6F863A727}.Release|Any CPU.Build.0 = Release|Any CPU
		{901B6416-C9BC-4473-83A0-5C43FBAF4FCE}.Debug|Any CPU.ActiveCfg = Debug|Any CPU
		{901B6416-C9BC-4473-83A0-5C43FBAF4FCE}.Debug|Any CPU.Build.0 = Debug|Any CPU
		{901B6416-C9BC-4473-83A0-5C43FBAF4FCE}.Release|Any CPU.ActiveCfg = Release|Any CPU
		{901B6416-C9BC-4473-83A0-5C43FBAF4FCE}.Release|Any CPU.Build.0 = Release|Any CPU
		{E1D08051-F70D-428B-B768-963CD93F9077}.Debug|Any CPU.ActiveCfg = Debug|Any CPU
		{E1D08051-F70D-428B-B768-963CD93F9077}.Debug|Any CPU.Build.0 = Debug|Any CPU
		{E1D08051-F70D-428B-B768-963CD93F9077}.Release|Any CPU.ActiveCfg = Release|Any CPU
		{E1D08051-F70D-428B-B768-963CD93F9077}.Release|Any CPU.Build.0 = Release|Any CPU
	EndGlobalSection
	GlobalSection(SolutionProperties) = preSolution
		HideSolutionNode = FALSE
	EndGlobalSection
	GlobalSection(ExtensibilityGlobals) = postSolution
		SolutionGuid = {76640C1D-9BC5-4AF8-9F0D-38DAD82360C8}
	EndGlobalSection
EndGlobal
